
Microsoft Visual Studio Solution File, Format Version 12.00
# Visual Studio Version 16
VisualStudioVersion = 16.0.31402.337
MinimumVisualStudioVersion = 10.0.40219.1
Project("{FAE04EC0-301F-11D3-BF4B-00C04F79EFBC}") = "Lab2_b1", "Lab2_b1.csproj", "{D697540C-7F91-4F9B-ABBC-C8494481DF59}"
EndProject
Global
	GlobalSection(SolutionConfigurationPlatforms) = preSolution
		Debug|Any CPU = Debug|Any CPU
		Release|Any CPU = Release|Any CPU
	EndGlobalSection
	GlobalSection(ProjectConfigurationPlatforms) = postSolution
		{D697540C-7F91-4F9B-ABBC-C8494481DF59}.Debug|Any CPU.ActiveCfg = Debug|Any CPU
		{D697540C-7F91-4F9B-ABBC-C8494481DF59}.Debug|Any CPU.Build.0 = Debug|Any CPU
		{D697540C-7F91-4F9B-ABBC-C8494481DF59}.Release|Any CPU.ActiveCfg = Release|Any CPU
		{D697540C-7F91-4F9B-ABBC-C8494481DF59}.Release|Any CPU.Build.0 = Release|Any CPU
	EndGlobalSection
	GlobalSection(SolutionProperties) = preSolution
		HideSolutionNode = FALSE
	EndGlobalSection
	GlobalSection(ExtensibilityGlobals) = postSolution
		SolutionGuid = {108D0B3E-62F6-4C8E-BA0E-8357189925C3}
	EndGlobalSection
EndGlobal
